{
  "name": "todo-app",
  "version": "1.0.0",
  "lockfileVersion": 2,
  "requires": true,
  "packages": {
    "": {
      "name": "todo-app",
      "version": "1.0.0",
      "license": "MIT",
      "dependencies": {
        "swayer": "file:../.."
      },
      "funding": {
        "type": "patreon",
        "url": "https://www.patreon.com/rohiievych"
      }
    },
    "../..": {
      "version": "2.0.0",
      "license": "MIT",
      "dependencies": {
        "jsdom": "^20.0.0",
        "pretty": "^2.0.0"
      },
      "bin": {
        "swr": "bin/swr.js"
      },
      "devDependencies": {
        "@types/node": "^18.7.6",
        "@typescript-eslint/eslint-plugin": "^5.33.1",
        "@typescript-eslint/parser": "^5.33.1",
        "eslint": "^8.22.0",
        "eslint-config-metarhia": "^8.1.0",
        "eslint-plugin-import": "^2.26.0",
        "eslint-plugin-json": "^3.1.0",
        "eslint-plugin-markdown": "^3.0.0",
        "eslint-plugin-yml": "^1.1.0",
        "metatests": "^0.8.2",
        "typescript": "^4.7.4"
      },
      "funding": {
        "type": "patreon",
        "url": "https://www.patreon.com/rohiievych"
      }
    },
    "node_modules/swayer": {
      "resolved": "../..",
      "link": true
    }
  },
  "dependencies": {
    "swayer": {
      "version": "file:../..",
      "requires": {
        "@types/node": "^18.7.6",
        "@typescript-eslint/eslint-plugin": "^5.33.1",
        "@typescript-eslint/parser": "^5.33.1",
        "eslint": "^8.22.0",
        "eslint-config-metarhia": "^8.1.0",
        "eslint-plugin-import": "^2.26.0",
        "eslint-plugin-json": "^3.1.0",
        "eslint-plugin-markdown": "^3.0.0",
        "eslint-plugin-yml": "^1.1.0",
        "jsdom": "^20.0.0",
        "metatests": "^0.8.2",
        "pretty": "^2.0.0",
        "typescript": "^4.7.4"
      }
    }
  }
}
